
Microsoft Visual Studio Solution File, Format Version 12.00
# Visual Studio Version 17
VisualStudioVersion = 17.7.34031.279
MinimumVisualStudioVersion = 10.0.40219.1
Project("{FAE04EC0-301F-11D3-BF4B-00C04F79EFBC}") = "Arrays", "Arrays.csproj", "{03473005-BB67-41A7-BB97-F10D073707C2}"
EndProject
Global
	GlobalSection(SolutionConfigurationPlatforms) = preSolution
		Debug|Any CPU = Debug|Any CPU
		Release|Any CPU = Release|Any CPU
	EndGlobalSection
	GlobalSection(ProjectConfigurationPlatforms) = postSolution
		{03473005-BB67-41A7-BB97-F10D073707C2}.Debug|Any CPU.ActiveCfg = Debug|Any CPU
		{03473005-BB67-41A7-BB97-F10D073707C2}.Debug|Any CPU.Build.0 = Debug|Any CPU
		{03473005-BB67-41A7-BB97-F10D073707C2}.Release|Any CPU.ActiveCfg = Release|Any CPU
		{03473005-BB67-41A7-BB97-F10D073707C2}.Release|Any CPU.Build.0 = Release|Any CPU
	EndGlobalSection
	GlobalSection(SolutionProperties) = preSolution
		HideSolutionNode = FALSE
	EndGlobalSection
	GlobalSection(ExtensibilityGlobals) = postSolution
		SolutionGuid = {23F95F7A-5284-40C3-A869-B6E860D8D07D}
	EndGlobalSection
EndGlobal
